{
  "version": 4,
  "terraform_version": "1.1.9",
  "serial": 55,
  "lineage": "dd065c50-5d01-23a6-2f6b-ebbc5112897d",
  "outputs": {},
  "resources": [
    {
      "mode": "managed",
      "type": "random_string",
      "name": "dg_random",
      "provider": "provider[\"registry.terraform.io/hashicorp/random\"]",
      "instances": [
        {
          "schema_version": 1,
          "attributes": {
            "id": "ckjlms",
            "keepers": null,
            "length": 6,
            "lower": true,
            "min_lower": 0,
            "min_numeric": 0,
            "min_special": 0,
            "min_upper": 0,
            "number": true,
            "override_special": null,
            "result": "ckjlms",
            "special": false,
            "upper": false
          },
          "sensitive_attributes": [],
          "private": "eyJzY2hlbWFfdmVyc2lvbiI6IjEifQ=="
        }
      ]
    },
    {
      "module": "module.bastion_host",
      "mode": "data",
      "type": "azurerm_resource_group",
      "name": "dg_rg",
      "provider": "module.bastion_host.provider[\"registry.terraform.io/hashicorp/azurerm\"]",
      "instances": [
        {
          "schema_version": 0,
          "attributes": {
            "id": "/subscriptions/4b859b53-281d-4b35-9887-9b7a17015e78/resourceGroups/dev_dg_rg1",
            "location": "eastus2",
            "name": "dev_dg_rg1",
            "tags": {},
            "timeouts": null
          },
          "sensitive_attributes": []
        }
      ]
    },
    {
      "module": "module.bastion_host",
      "mode": "data",
      "type": "azurerm_subnet",
      "name": "dg-subnet-devs",
      "provider": "module.bastion_host.provider[\"registry.terraform.io/hashicorp/azurerm\"]",
      "instances": [
        {
          "schema_version": 0,
          "attributes": {
            "address_prefix": "10.0.2.0/24",
            "address_prefixes": [
              "10.0.2.0/24"
            ],
            "enforce_private_link_endpoint_network_policies": false,
            "enforce_private_link_service_network_policies": false,
            "id": "/subscriptions/4b859b53-281d-4b35-9887-9b7a17015e78/resourceGroups/dev_dg_rg1/providers/Microsoft.Network/virtualNetworks/dg-vnet-1/subnets/dg-subnet-dev-1",
            "name": "dg-subnet-dev-1",
            "network_security_group_id": "",
            "resource_group_name": "dev_dg_rg1",
            "route_table_id": "",
            "service_endpoints": [],
            "timeouts": null,
            "virtual_network_name": "dg-vnet-1"
          },
          "sensitive_attributes": []
        }
      ]
    },
    {
      "module": "module.bastion_host",
      "mode": "data",
      "type": "azurerm_virtual_network",
      "name": "dg-vnets",
      "provider": "module.bastion_host.provider[\"registry.terraform.io/hashicorp/azurerm\"]",
      "instances": [
        {
          "schema_version": 0,
          "attributes": {
            "address_space": [
              "10.0.0.0/16"
            ],
            "dns_servers": [],
            "guid": "95271b8f-2272-4244-959c-3b864ec4996a",
            "id": "/subscriptions/4b859b53-281d-4b35-9887-9b7a17015e78/resourceGroups/dev_dg_rg1/providers/Microsoft.Network/virtualNetworks/dg-vnet-1",
            "location": "eastus2",
            "name": "dg-vnet-1",
            "resource_group_name": "dev_dg_rg1",
            "subnets": [
              "dg-subnet-dev-1"
            ],
            "tags": {},
            "timeouts": null,
            "vnet_peerings": {},
            "vnet_peerings_addresses": []
          },
          "sensitive_attributes": []
        }
      ]
    },
    {
      "module": "module.bastion_host",
      "mode": "managed",
      "type": "azurerm_linux_virtual_machine",
      "name": "bastion_host_linuxvm",
      "provider": "module.bastion_host.provider[\"registry.terraform.io/hashicorp/azurerm\"]",
      "instances": [
        {
          "schema_version": 0,
          "attributes": {
            "additional_capabilities": [],
            "admin_password": null,
            "admin_ssh_key": [
              {
                "public_key": "ssh-rsa AAAAB3NzaC1yc2EAAAADAQABAAACAQCoXl/7dOlZTAQZxdTvfEQDBOo3Rx62YrdMDAJ2nTsQcxyiCQSJAH7Pz7fPIa8ZXxek6OKiHiKW/hThJ9FXQZ5heCrPMZrMIxbEY6zZik/nNNaU+Pskpq5n1u8LzxK3e3LExZouko41rXhwCzWEdcS311b/0xhg2xwM2HKUeXiFBe/+M3DlXqWlItvWHloVQImdgOXJ4bpDKyrg/XtTewTou5iKoDe+DF/a7+JZIsZgHHU8auhRjBVzbI+J9z5Qy0Zme0i3dKbfyu4yn/7NYlJ6RHP8MSOZgi6It97QoXZ/tgjyBNjmut7tUvIVrMPWelTU9q5sOOHYz21aQMOL85nFYpKoZYwSWQg5Wuy7cl0OTAKWbV4f0et3+g2SXdl6xLdcV6tK4KMw+fqLUDe4yyt3K6OkJOQx6ozpvYDyFHcs9WmcNvRR5jgEQu6mh1iNmi6zL31cXyIl8qAFpSZJPdSzWtI4MPvTzQGcDH6HnAtID+3sLJg6dYv9isvKtpoP3S99+eI/BRUkT0vpme00vTJFHdRqCWLcwdFFVBjvaQYeFE+6lranixGnlnXAmw41nNjiCb1Scm96E0JWpcqWZXfUzpWJE4zojYmo1lCign/ZpU2ktO4vCecnuCpsh2l4PehHJZZWGDPxHyM0Q//tGw/WUCecCO7SdQADlPqsUwIqnw== azureuser@myserver\n",
                "username": "azureuser"
              }
            ],
            "admin_username": "azureuser",
            "allow_extension_operations": true,
            "availability_set_id": "",
            "boot_diagnostics": [],
            "computer_name": "Ops-dev-bastion-linuxvm",
            "custom_data": null,
            "dedicated_host_group_id": "",
            "dedicated_host_id": "",
            "disable_password_authentication": true,
            "edge_zone": "",
            "encryption_at_host_enabled": false,
            "eviction_policy": "",
            "extensions_time_budget": "PT1H30M",
            "id": "/subscriptions/4b859b53-281d-4b35-9887-9b7a17015e78/resourceGroups/dev_dg_rg1/providers/Microsoft.Compute/virtualMachines/Ops-dev-bastion-linuxvm",
            "identity": [],
            "license_type": "",
            "location": "eastus2",
            "max_bid_price": -1,
            "name": "Ops-dev-bastion-linuxvm",
            "network_interface_ids": [
              "/subscriptions/4b859b53-281d-4b35-9887-9b7a17015e78/resourceGroups/dev_dg_rg1/providers/Microsoft.Network/networkInterfaces/Ops-dev-bastion-host-linuxvm-nic"
            ],
            "os_disk": [
              {
                "caching": "ReadWrite",
                "diff_disk_settings": [],
                "disk_encryption_set_id": "",
                "disk_size_gb": 32,
                "name": "Ops-dev-bastion-linuxvm_OsDisk_1_bd2157f9a2de4e74ac1d65d210cb3e89",
                "secure_vm_disk_encryption_set_id": "",
                "security_encryption_type": "",
                "storage_account_type": "Standard_LRS",
                "write_accelerator_enabled": false
              }
            ],
            "patch_mode": "ImageDefault",
            "plan": [],
            "platform_fault_domain": -1,
            "priority": "Regular",
            "private_ip_address": "10.0.2.5",
            "private_ip_addresses": [
              "10.0.2.5"
            ],
            "provision_vm_agent": true,
            "proximity_placement_group_id": "",
            "public_ip_address": "20.22.230.40",
            "public_ip_addresses": [
              "20.22.230.40"
            ],
            "resource_group_name": "dev_dg_rg1",
            "secret": [],
            "secure_boot_enabled": false,
            "size": "Standard_DS1",
            "source_image_id": "",
            "source_image_reference": [
              {
                "offer": "rhel-raw",
                "publisher": "RedHat",
                "sku": "8_6",
                "version": "8.6.2022052401"
              }
            ],
            "tags": null,
            "termination_notification": null,
            "timeouts": null,
            "user_data": "",
            "virtual_machine_id": "e978f0ee-e562-47d1-ac83-b1f5f4be5da3",
            "virtual_machine_scale_set_id": "",
            "vtpm_enabled": false,
            "zone": ""
          },
          "sensitive_attributes": [],
          "private": "eyJlMmJmYjczMC1lY2FhLTExZTYtOGY4OC0zNDM2M2JjN2M0YzAiOnsiY3JlYXRlIjoyNzAwMDAwMDAwMDAwLCJkZWxldGUiOjI3MDAwMDAwMDAwMDAsInJlYWQiOjMwMDAwMDAwMDAwMCwidXBkYXRlIjoyNzAwMDAwMDAwMDAwfX0=",
          "dependencies": [
            "module.bastion_host.azurerm_network_interface.bastion_host_linuxvm_nic",
            "module.bastion_host.azurerm_public_ip.bastion_host_publicip",
            "module.bastion_host.data.azurerm_resource_group.dg_rg",
            "module.bastion_host.data.azurerm_subnet.dg-subnet-devs"
          ]
        }
      ]
    },
    {
      "module": "module.bastion_host",
      "mode": "managed",
      "type": "azurerm_network_interface",
      "name": "bastion_host_linuxvm_nic",
      "provider": "module.bastion_host.provider[\"registry.terraform.io/hashicorp/azurerm\"]",
      "instances": [
        {
          "schema_version": 0,
          "attributes": {
            "applied_dns_servers": [],
            "dns_servers": [],
            "edge_zone": "",
            "enable_accelerated_networking": false,
            "enable_ip_forwarding": false,
            "id": "/subscriptions/4b859b53-281d-4b35-9887-9b7a17015e78/resourceGroups/dev_dg_rg1/providers/Microsoft.Network/networkInterfaces/Ops-dev-bastion-host-linuxvm-nic",
            "internal_dns_name_label": "",
            "internal_domain_name_suffix": "r2nspflsejceffm2hode3reznc.cx.internal.cloudapp.net",
            "ip_configuration": [
              {
                "gateway_load_balancer_frontend_ip_configuration_id": "",
                "name": "bastion-host-ip-1",
                "primary": true,
                "private_ip_address": "10.0.2.5",
                "private_ip_address_allocation": "Dynamic",
                "private_ip_address_version": "IPv4",
                "public_ip_address_id": "/subscriptions/4b859b53-281d-4b35-9887-9b7a17015e78/resourceGroups/dev_dg_rg1/providers/Microsoft.Network/publicIPAddresses/Ops-dev-bastion-host-publicip",
                "subnet_id": "/subscriptions/4b859b53-281d-4b35-9887-9b7a17015e78/resourceGroups/dev_dg_rg1/providers/Microsoft.Network/virtualNetworks/dg-vnet-1/subnets/dg-subnet-dev-1"
              }
            ],
            "location": "eastus2",
            "mac_address": "",
            "name": "Ops-dev-bastion-host-linuxvm-nic",
            "private_ip_address": "10.0.2.5",
            "private_ip_addresses": [
              "10.0.2.5"
            ],
            "resource_group_name": "dev_dg_rg1",
            "tags": null,
            "timeouts": null,
            "virtual_machine_id": ""
          },
          "sensitive_attributes": [],
          "private": "eyJlMmJmYjczMC1lY2FhLTExZTYtOGY4OC0zNDM2M2JjN2M0YzAiOnsiY3JlYXRlIjoxODAwMDAwMDAwMDAwLCJkZWxldGUiOjE4MDAwMDAwMDAwMDAsInJlYWQiOjMwMDAwMDAwMDAwMCwidXBkYXRlIjoxODAwMDAwMDAwMDAwfX0=",
          "dependencies": [
            "module.bastion_host.azurerm_public_ip.bastion_host_publicip",
            "module.bastion_host.data.azurerm_resource_group.dg_rg",
            "module.bastion_host.data.azurerm_subnet.dg-subnet-devs"
          ]
        }
      ]
    },
    {
      "module": "module.bastion_host",
      "mode": "managed",
      "type": "azurerm_network_security_group",
      "name": "bastion_subnet_nsg",
      "provider": "module.bastion_host.provider[\"registry.terraform.io/hashicorp/azurerm\"]",
      "instances": [
        {
          "schema_version": 0,
          "attributes": {
            "id": "/subscriptions/4b859b53-281d-4b35-9887-9b7a17015e78/resourceGroups/dev_dg_rg1/providers/Microsoft.Network/networkSecurityGroups/dg-subnet-dev-1-nsg",
            "location": "eastus2",
            "name": "dg-subnet-dev-1-nsg",
            "resource_group_name": "dev_dg_rg1",
            "security_rule": [],
            "tags": null,
            "timeouts": null
          },
          "sensitive_attributes": [],
          "private": "eyJlMmJmYjczMC1lY2FhLTExZTYtOGY4OC0zNDM2M2JjN2M0YzAiOnsiY3JlYXRlIjoxODAwMDAwMDAwMDAwLCJkZWxldGUiOjE4MDAwMDAwMDAwMDAsInJlYWQiOjMwMDAwMDAwMDAwMCwidXBkYXRlIjoxODAwMDAwMDAwMDAwfX0=",
          "dependencies": [
            "module.bastion_host.data.azurerm_resource_group.dg_rg",
            "module.bastion_host.data.azurerm_subnet.dg-subnet-devs"
          ]
        }
      ]
    },
    {
      "module": "module.bastion_host",
      "mode": "managed",
      "type": "azurerm_network_security_rule",
      "name": "bastion_nsg_rule_inbound",
      "provider": "module.bastion_host.provider[\"registry.terraform.io/hashicorp/azurerm\"]",
      "instances": [
        {
          "index_key": "100",
          "schema_version": 0,
          "attributes": {
            "access": "Allow",
            "description": "",
            "destination_address_prefix": "*",
            "destination_address_prefixes": null,
            "destination_application_security_group_ids": null,
            "destination_port_range": "22",
            "destination_port_ranges": null,
            "direction": "Inbound",
            "id": "/subscriptions/4b859b53-281d-4b35-9887-9b7a17015e78/resourceGroups/dev_dg_rg1/providers/Microsoft.Network/networkSecurityGroups/dg-subnet-dev-1-nsg/securityRules/Rule-Port-22",
            "name": "Rule-Port-22",
            "network_security_group_name": "dg-subnet-dev-1-nsg",
            "priority": 100,
            "protocol": "Tcp",
            "resource_group_name": "dev_dg_rg1",
            "source_address_prefix": "*",
            "source_address_prefixes": null,
            "source_application_security_group_ids": null,
            "source_port_range": "*",
            "source_port_ranges": null,
            "timeouts": null
          },
          "sensitive_attributes": [],
          "private": "eyJlMmJmYjczMC1lY2FhLTExZTYtOGY4OC0zNDM2M2JjN2M0YzAiOnsiY3JlYXRlIjoxODAwMDAwMDAwMDAwLCJkZWxldGUiOjE4MDAwMDAwMDAwMDAsInJlYWQiOjMwMDAwMDAwMDAwMCwidXBkYXRlIjoxODAwMDAwMDAwMDAwfX0=",
          "dependencies": [
            "module.bastion_host.azurerm_network_security_group.bastion_subnet_nsg",
            "module.bastion_host.data.azurerm_resource_group.dg_rg",
            "module.bastion_host.data.azurerm_subnet.dg-subnet-devs"
          ]
        },
        {
          "index_key": "110",
          "schema_version": 0,
          "attributes": {
            "access": "Allow",
            "description": "",
            "destination_address_prefix": "*",
            "destination_address_prefixes": null,
            "destination_application_security_group_ids": null,
            "destination_port_range": "3389",
            "destination_port_ranges": null,
            "direction": "Inbound",
            "id": "/subscriptions/4b859b53-281d-4b35-9887-9b7a17015e78/resourceGroups/dev_dg_rg1/providers/Microsoft.Network/networkSecurityGroups/dg-subnet-dev-1-nsg/securityRules/Rule-Port-3389",
            "name": "Rule-Port-3389",
            "network_security_group_name": "dg-subnet-dev-1-nsg",
            "priority": 110,
            "protocol": "Tcp",
            "resource_group_name": "dev_dg_rg1",
            "source_address_prefix": "*",
            "source_address_prefixes": null,
            "source_application_security_group_ids": null,
            "source_port_range": "*",
            "source_port_ranges": null,
            "timeouts": null
          },
          "sensitive_attributes": [],
          "private": "eyJlMmJmYjczMC1lY2FhLTExZTYtOGY4OC0zNDM2M2JjN2M0YzAiOnsiY3JlYXRlIjoxODAwMDAwMDAwMDAwLCJkZWxldGUiOjE4MDAwMDAwMDAwMDAsInJlYWQiOjMwMDAwMDAwMDAwMCwidXBkYXRlIjoxODAwMDAwMDAwMDAwfX0=",
          "dependencies": [
            "module.bastion_host.azurerm_network_security_group.bastion_subnet_nsg",
            "module.bastion_host.data.azurerm_resource_group.dg_rg",
            "module.bastion_host.data.azurerm_subnet.dg-subnet-devs"
          ]
        }
      ]
    },
    {
      "module": "module.bastion_host",
      "mode": "managed",
      "type": "azurerm_public_ip",
      "name": "bastion_host_publicip",
      "provider": "module.bastion_host.provider[\"registry.terraform.io/hashicorp/azurerm\"]",
      "instances": [
        {
          "schema_version": 0,
          "attributes": {
            "allocation_method": "Static",
            "domain_name_label": null,
            "edge_zone": "",
            "fqdn": null,
            "id": "/subscriptions/4b859b53-281d-4b35-9887-9b7a17015e78/resourceGroups/dev_dg_rg1/providers/Microsoft.Network/publicIPAddresses/Ops-dev-bastion-host-publicip",
            "idle_timeout_in_minutes": 4,
            "ip_address": "20.22.230.40",
            "ip_tags": null,
            "ip_version": "IPv4",
            "location": "eastus2",
            "name": "Ops-dev-bastion-host-publicip",
            "public_ip_prefix_id": null,
            "resource_group_name": "dev_dg_rg1",
            "reverse_fqdn": null,
            "sku": "Standard",
            "sku_tier": "Regional",
            "tags": null,
            "timeouts": null,
            "zones": null
          },
          "sensitive_attributes": [],
          "private": "eyJlMmJmYjczMC1lY2FhLTExZTYtOGY4OC0zNDM2M2JjN2M0YzAiOnsiY3JlYXRlIjoxODAwMDAwMDAwMDAwLCJkZWxldGUiOjE4MDAwMDAwMDAwMDAsInJlYWQiOjMwMDAwMDAwMDAwMCwidXBkYXRlIjoxODAwMDAwMDAwMDAwfX0=",
          "dependencies": [
            "module.bastion_host.data.azurerm_resource_group.dg_rg"
          ]
        }
      ]
    },
    {
      "module": "module.bastion_host",
      "mode": "managed",
      "type": "azurerm_subnet_network_security_group_association",
      "name": "bastion_subnet_nsg_associate",
      "provider": "module.bastion_host.provider[\"registry.terraform.io/hashicorp/azurerm\"]",
      "instances": [
        {
          "schema_version": 0,
          "attributes": {
            "id": "/subscriptions/4b859b53-281d-4b35-9887-9b7a17015e78/resourceGroups/dev_dg_rg1/providers/Microsoft.Network/virtualNetworks/dg-vnet-1/subnets/dg-subnet-dev-1",
            "network_security_group_id": "/subscriptions/4b859b53-281d-4b35-9887-9b7a17015e78/resourceGroups/dev_dg_rg1/providers/Microsoft.Network/networkSecurityGroups/dg-subnet-dev-1-nsg",
            "subnet_id": "/subscriptions/4b859b53-281d-4b35-9887-9b7a17015e78/resourceGroups/dev_dg_rg1/providers/Microsoft.Network/virtualNetworks/dg-vnet-1/subnets/dg-subnet-dev-1",
            "timeouts": null
          },
          "sensitive_attributes": [],
          "private": "eyJlMmJmYjczMC1lY2FhLTExZTYtOGY4OC0zNDM2M2JjN2M0YzAiOnsiY3JlYXRlIjoxODAwMDAwMDAwMDAwLCJkZWxldGUiOjE4MDAwMDAwMDAwMDAsInJlYWQiOjMwMDAwMDAwMDAwMCwidXBkYXRlIjoxODAwMDAwMDAwMDAwfX0=",
          "dependencies": [
            "module.bastion_host.azurerm_network_security_group.bastion_subnet_nsg",
            "module.bastion_host.azurerm_network_security_rule.bastion_nsg_rule_inbound",
            "module.bastion_host.data.azurerm_resource_group.dg_rg",
            "module.bastion_host.data.azurerm_subnet.dg-subnet-devs"
          ]
        }
      ]
    },
    {
      "module": "module.bastion_host",
      "mode": "managed",
      "type": "random_string",
      "name": "dg_random",
      "provider": "provider[\"registry.terraform.io/hashicorp/random\"]",
      "instances": [
        {
          "schema_version": 1,
          "attributes": {
            "id": "es48h8",
            "keepers": null,
            "length": 6,
            "lower": true,
            "min_lower": 0,
            "min_numeric": 0,
            "min_special": 0,
            "min_upper": 0,
            "number": true,
            "override_special": null,
            "result": "es48h8",
            "special": false,
            "upper": false
          },
          "sensitive_attributes": [],
          "private": "eyJzY2hlbWFfdmVyc2lvbiI6IjEifQ=="
        }
      ]
    }
  ]
}
