{
  "version": 4,
  "terraform_version": "1.1.9",
  "serial": 5,
  "lineage": "26e0776d-7fee-ca37-ca36-4d263334f661",
  "outputs": {},
  "resources": [
    {
      "mode": "data",
      "type": "azurerm_resource_group",
      "name": "dg_rg",
      "provider": "provider[\"registry.terraform.io/hashicorp/azurerm\"]",
      "instances": [
        {
          "schema_version": 0,
          "attributes": {
            "id": "/subscriptions/4b859b53-281d-4b35-9887-9b7a17015e78/resourceGroups/dev_dg_rg1",
            "location": "eastus2",
            "name": "dev_dg_rg1",
            "tags": {},
            "timeouts": null
          },
          "sensitive_attributes": []
        }
      ]
    },
    {
      "mode": "data",
      "type": "azurerm_virtual_network",
      "name": "dg-vnets",
      "provider": "provider[\"registry.terraform.io/hashicorp/azurerm\"]",
      "instances": [
        {
          "schema_version": 0,
          "attributes": {
            "address_space": [
              "10.0.0.0/16"
            ],
            "dns_servers": [],
            "guid": "95271b8f-2272-4244-959c-3b864ec4996a",
            "id": "/subscriptions/4b859b53-281d-4b35-9887-9b7a17015e78/resourceGroups/dev_dg_rg1/providers/Microsoft.Network/virtualNetworks/dg-vnet-1",
            "location": "eastus2",
            "name": "dg-vnet-1",
            "resource_group_name": "dev_dg_rg1",
            "subnets": [
              "dg-subnet-dev-1"
            ],
            "tags": {},
            "timeouts": null,
            "vnet_peerings": {},
            "vnet_peerings_addresses": []
          },
          "sensitive_attributes": []
        }
      ]
    },
    {
      "mode": "managed",
      "type": "azurerm_bastion_host",
      "name": "bastion_host",
      "provider": "provider[\"registry.terraform.io/hashicorp/azurerm\"]",
      "instances": [
        {
          "schema_version": 0,
          "attributes": {
            "copy_paste_enabled": true,
            "dns_name": "bst-03df81ad-e42a-42fd-af2d-68f316387d21.bastion.azure.com",
            "file_copy_enabled": false,
            "id": "/subscriptions/4b859b53-281d-4b35-9887-9b7a17015e78/resourceGroups/dev_dg_rg1/providers/Microsoft.Network/bastionHosts/Ops-dev-bastion-service",
            "ip_configuration": [
              {
                "name": "configuration",
                "public_ip_address_id": "/subscriptions/4b859b53-281d-4b35-9887-9b7a17015e78/resourceGroups/dev_dg_rg1/providers/Microsoft.Network/publicIPAddresses/Ops-dev-bastion-service-publicip",
                "subnet_id": "/subscriptions/4b859b53-281d-4b35-9887-9b7a17015e78/resourceGroups/dev_dg_rg1/providers/Microsoft.Network/virtualNetworks/dg-vnet-1/subnets/AzureBastionSubnet"
              }
            ],
            "ip_connect_enabled": false,
            "location": "eastus2",
            "name": "Ops-dev-bastion-service",
            "resource_group_name": "dev_dg_rg1",
            "scale_units": 2,
            "shareable_link_enabled": false,
            "sku": "Basic",
            "tags": null,
            "timeouts": null,
            "tunneling_enabled": false
          },
          "sensitive_attributes": [],
          "private": "eyJlMmJmYjczMC1lY2FhLTExZTYtOGY4OC0zNDM2M2JjN2M0YzAiOnsiY3JlYXRlIjoxODAwMDAwMDAwMDAwLCJkZWxldGUiOjE4MDAwMDAwMDAwMDAsInJlYWQiOjMwMDAwMDAwMDAwMCwidXBkYXRlIjoxODAwMDAwMDAwMDAwfX0=",
          "dependencies": [
            "azurerm_public_ip.bastion_service_publicip",
            "azurerm_subnet.bastion_service_subnet",
            "data.azurerm_resource_group.dg_rg",
            "data.azurerm_virtual_network.dg-vnets"
          ]
        }
      ]
    },
    {
      "mode": "managed",
      "type": "azurerm_public_ip",
      "name": "bastion_service_publicip",
      "provider": "provider[\"registry.terraform.io/hashicorp/azurerm\"]",
      "instances": [
        {
          "schema_version": 0,
          "attributes": {
            "allocation_method": "Static",
            "domain_name_label": null,
            "edge_zone": "",
            "fqdn": null,
            "id": "/subscriptions/4b859b53-281d-4b35-9887-9b7a17015e78/resourceGroups/dev_dg_rg1/providers/Microsoft.Network/publicIPAddresses/Ops-dev-bastion-service-publicip",
            "idle_timeout_in_minutes": 4,
            "ip_address": "20.242.109.124",
            "ip_tags": null,
            "ip_version": "IPv4",
            "location": "eastus2",
            "name": "Ops-dev-bastion-service-publicip",
            "public_ip_prefix_id": null,
            "resource_group_name": "dev_dg_rg1",
            "reverse_fqdn": null,
            "sku": "Standard",
            "sku_tier": "Regional",
            "tags": null,
            "timeouts": null,
            "zones": null
          },
          "sensitive_attributes": [],
          "private": "eyJlMmJmYjczMC1lY2FhLTExZTYtOGY4OC0zNDM2M2JjN2M0YzAiOnsiY3JlYXRlIjoxODAwMDAwMDAwMDAwLCJkZWxldGUiOjE4MDAwMDAwMDAwMDAsInJlYWQiOjMwMDAwMDAwMDAwMCwidXBkYXRlIjoxODAwMDAwMDAwMDAwfX0=",
          "dependencies": [
            "data.azurerm_resource_group.dg_rg"
          ]
        }
      ]
    },
    {
      "mode": "managed",
      "type": "azurerm_subnet",
      "name": "bastion_service_subnet",
      "provider": "provider[\"registry.terraform.io/hashicorp/azurerm\"]",
      "instances": [
        {
          "schema_version": 0,
          "attributes": {
            "address_prefixes": [
              "10.0.101.0/27"
            ],
            "delegation": [],
            "enforce_private_link_endpoint_network_policies": false,
            "enforce_private_link_service_network_policies": false,
            "id": "/subscriptions/4b859b53-281d-4b35-9887-9b7a17015e78/resourceGroups/dev_dg_rg1/providers/Microsoft.Network/virtualNetworks/dg-vnet-1/subnets/AzureBastionSubnet",
            "name": "AzureBastionSubnet",
            "resource_group_name": "dev_dg_rg1",
            "service_endpoint_policy_ids": null,
            "service_endpoints": null,
            "timeouts": null,
            "virtual_network_name": "dg-vnet-1"
          },
          "sensitive_attributes": [],
          "private": "eyJlMmJmYjczMC1lY2FhLTExZTYtOGY4OC0zNDM2M2JjN2M0YzAiOnsiY3JlYXRlIjoxODAwMDAwMDAwMDAwLCJkZWxldGUiOjE4MDAwMDAwMDAwMDAsInJlYWQiOjMwMDAwMDAwMDAwMCwidXBkYXRlIjoxODAwMDAwMDAwMDAwfX0=",
          "dependencies": [
            "data.azurerm_resource_group.dg_rg",
            "data.azurerm_virtual_network.dg-vnets"
          ]
        }
      ]
    },
    {
      "mode": "managed",
      "type": "random_string",
      "name": "dg_random",
      "provider": "provider[\"registry.terraform.io/hashicorp/random\"]",
      "instances": [
        {
          "schema_version": 2,
          "attributes": {
            "id": "pluo7s",
            "keepers": null,
            "length": 6,
            "lower": true,
            "min_lower": 0,
            "min_numeric": 0,
            "min_special": 0,
            "min_upper": 0,
            "number": true,
            "numeric": true,
            "override_special": null,
            "result": "pluo7s",
            "special": false,
            "upper": false
          },
          "sensitive_attributes": [],
          "private": "eyJzY2hlbWFfdmVyc2lvbiI6IjIifQ=="
        }
      ]
    }
  ]
}
