{
  "version": 4,
  "terraform_version": "1.1.8",
  "serial": 18,
  "lineage": "6b29124c-d5b2-ee17-cda8-2578a65bb8bf",
  "outputs": {},
  "resources": [
    {
      "mode": "data",
      "type": "azurerm_client_config",
      "name": "current",
      "provider": "provider[\"registry.terraform.io/hashicorp/azurerm\"]",
      "instances": [
        {
          "schema_version": 0,
          "attributes": {
            "client_id": "04b07795-8ddb-461a-bbee-02f9e1bf7b46",
            "id": "2022-08-04 09:46:19.608875326 +0000 UTC",
            "object_id": "224e0507-dd3a-4f2a-adce-409e097478ed",
            "subscription_id": "4b859b53-281d-4b35-9887-9b7a17015e78",
            "tenant_id": "e394c503-ceb8-4916-a9b1-70c7369fbc36",
            "timeouts": null
          },
          "sensitive_attributes": []
        }
      ]
    },
    {
      "mode": "data",
      "type": "azurerm_resource_group",
      "name": "dg_rg",
      "provider": "provider[\"registry.terraform.io/hashicorp/azurerm\"]",
      "instances": [
        {
          "schema_version": 0,
          "attributes": {
            "id": "/subscriptions/4b859b53-281d-4b35-9887-9b7a17015e78/resourceGroups/dev_dg_rg1",
            "location": "eastus2",
            "name": "dev_dg_rg1",
            "tags": {},
            "timeouts": null
          },
          "sensitive_attributes": []
        }
      ]
    },
    {
      "mode": "managed",
      "type": "azurerm_key_vault",
      "name": "dg_vault",
      "provider": "provider[\"registry.terraform.io/hashicorp/azurerm\"]",
      "instances": [
        {
          "schema_version": 2,
          "attributes": {
            "access_policy": [
              {
                "application_id": "",
                "certificate_permissions": null,
                "key_permissions": [
                  "Create",
                  "Get"
                ],
                "object_id": "224e0507-dd3a-4f2a-adce-409e097478ed",
                "secret_permissions": [
                  "Set",
                  "Get",
                  "Delete",
                  "Purge",
                  "Recover"
                ],
                "storage_permissions": null,
                "tenant_id": "e394c503-ceb8-4916-a9b1-70c7369fbc36"
              }
            ],
            "contact": [],
            "enable_rbac_authorization": false,
            "enabled_for_deployment": false,
            "enabled_for_disk_encryption": true,
            "enabled_for_template_deployment": false,
            "id": "/subscriptions/4b859b53-281d-4b35-9887-9b7a17015e78/resourceGroups/dev_dg_rg1/providers/Microsoft.KeyVault/vaults/dg-vault-md1",
            "location": "eastus2",
            "name": "dg-vault-md1",
            "network_acls": [
              {
                "bypass": "AzureServices",
                "default_action": "Allow",
                "ip_rules": [],
                "virtual_network_subnet_ids": []
              }
            ],
            "purge_protection_enabled": false,
            "resource_group_name": "dev_dg_rg1",
            "sku_name": "standard",
            "soft_delete_retention_days": 7,
            "tags": null,
            "tenant_id": "e394c503-ceb8-4916-a9b1-70c7369fbc36",
            "timeouts": null,
            "vault_uri": "https://dg-vault-md1.vault.azure.net/"
          },
          "sensitive_attributes": [],
          "private": "eyJlMmJmYjczMC1lY2FhLTExZTYtOGY4OC0zNDM2M2JjN2M0YzAiOnsiY3JlYXRlIjoxODAwMDAwMDAwMDAwLCJkZWxldGUiOjE4MDAwMDAwMDAwMDAsInJlYWQiOjMwMDAwMDAwMDAwMCwidXBkYXRlIjoxODAwMDAwMDAwMDAwfSwic2NoZW1hX3ZlcnNpb24iOiIyIn0=",
          "dependencies": [
            "data.azurerm_client_config.current",
            "data.azurerm_resource_group.dg_rg",
            "random_string.dg_random"
          ]
        }
      ]
    },
    {
      "mode": "managed",
      "type": "azurerm_key_vault_secret",
      "name": "dg_secret",
      "provider": "provider[\"registry.terraform.io/hashicorp/azurerm\"]",
      "instances": [
        {
          "schema_version": 0,
          "attributes": {
            "content_type": "",
            "expiration_date": null,
            "id": "https://dg-vault-md1.vault.azure.net/secrets/dg-trial-sct/35ef4bdf0c0d4cd9ad712690e38cf25d",
            "key_vault_id": "/subscriptions/4b859b53-281d-4b35-9887-9b7a17015e78/resourceGroups/dev_dg_rg1/providers/Microsoft.KeyVault/vaults/dg-vault-md1",
            "name": "dg-trial-sct",
            "not_before_date": null,
            "resource_id": "/subscriptions/4b859b53-281d-4b35-9887-9b7a17015e78/resourceGroups/dev_dg_rg1/providers/Microsoft.KeyVault/vaults/dg-vault-md1/secrets/dg-trial-sct/versions/35ef4bdf0c0d4cd9ad712690e38cf25d",
            "resource_versionless_id": "/subscriptions/4b859b53-281d-4b35-9887-9b7a17015e78/resourceGroups/dev_dg_rg1/providers/Microsoft.KeyVault/vaults/dg-vault-md1/secrets/dg-trial-sct",
            "tags": null,
            "timeouts": null,
            "value": "T0tDOFF+Y1JNb34xTjZLQ1Zva3lURDB+Ym9QcEdhSkNpNG9nbmJIbQ==",
            "version": "35ef4bdf0c0d4cd9ad712690e38cf25d",
            "versionless_id": "https://dg-vault-md1.vault.azure.net/secrets/dg-trial-sct"
          },
          "sensitive_attributes": [],
          "private": "eyJlMmJmYjczMC1lY2FhLTExZTYtOGY4OC0zNDM2M2JjN2M0YzAiOnsiY3JlYXRlIjoxODAwMDAwMDAwMDAwLCJkZWxldGUiOjE4MDAwMDAwMDAwMDAsInJlYWQiOjMwMDAwMDAwMDAwMCwidXBkYXRlIjoxODAwMDAwMDAwMDAwfX0=",
          "dependencies": [
            "azurerm_key_vault.dg_vault",
            "data.azurerm_client_config.current",
            "data.azurerm_resource_group.dg_rg",
            "random_string.dg_random"
          ]
        }
      ]
    },
    {
      "mode": "managed",
      "type": "random_string",
      "name": "dg_random",
      "provider": "provider[\"registry.terraform.io/hashicorp/random\"]",
      "instances": [
        {
          "schema_version": 2,
          "attributes": {
            "id": "md1",
            "keepers": null,
            "length": 3,
            "lower": true,
            "min_lower": 0,
            "min_numeric": 0,
            "min_special": 0,
            "min_upper": 0,
            "number": true,
            "numeric": true,
            "override_special": null,
            "result": "md1",
            "special": false,
            "upper": false
          },
          "sensitive_attributes": [],
          "private": "eyJzY2hlbWFfdmVyc2lvbiI6IjIifQ=="
        }
      ]
    }
  ]
}
