{
  "version": 4,
  "terraform_version": "1.1.9",
  "serial": 9,
  "lineage": "8a4a12d2-baa3-5f20-d304-759c6833153c",
  "outputs": {},
  "resources": [
    {
      "mode": "data",
      "type": "azurerm_resource_group",
      "name": "dg_rg",
      "provider": "provider[\"registry.terraform.io/hashicorp/azurerm\"]",
      "instances": [
        {
          "schema_version": 0,
          "attributes": {
            "id": "/subscriptions/4b859b53-281d-4b35-9887-9b7a17015e78/resourceGroups/tfstate",
            "location": "eastus2",
            "name": "tfstate",
            "tags": {
              "environment": "dev",
              "owner": "me"
            },
            "timeouts": null
          },
          "sensitive_attributes": []
        }
      ]
    },
    {
      "mode": "data",
      "type": "azurerm_subnet",
      "name": "dg-subnet-devs",
      "provider": "provider[\"registry.terraform.io/hashicorp/azurerm\"]",
      "instances": [
        {
          "schema_version": 0,
          "attributes": {
            "address_prefix": "10.0.2.0/24",
            "address_prefixes": [
              "10.0.2.0/24"
            ],
            "enforce_private_link_endpoint_network_policies": false,
            "enforce_private_link_service_network_policies": false,
            "id": "/subscriptions/4b859b53-281d-4b35-9887-9b7a17015e78/resourceGroups/tfstate/providers/Microsoft.Network/virtualNetworks/acctvnet/subnets/subnetdg2",
            "name": "subnetdg2",
            "network_security_group_id": "",
            "resource_group_name": "tfstate",
            "route_table_id": "",
            "service_endpoints": [],
            "timeouts": null,
            "virtual_network_name": "acctvnet"
          },
          "sensitive_attributes": []
        }
      ]
    },
    {
      "mode": "data",
      "type": "azurerm_virtual_network",
      "name": "dg-vnets",
      "provider": "provider[\"registry.terraform.io/hashicorp/azurerm\"]",
      "instances": [
        {
          "schema_version": 0,
          "attributes": {
            "address_space": [
              "10.0.0.0/16",
              "10.2.0.0/16"
            ],
            "dns_servers": [],
            "guid": "38746638-590c-47f8-be0d-184c3f217ca5",
            "id": "/subscriptions/4b859b53-281d-4b35-9887-9b7a17015e78/resourceGroups/tfstate/providers/Microsoft.Network/virtualNetworks/acctvnet",
            "location": "eastus2",
            "name": "acctvnet",
            "resource_group_name": "tfstate",
            "subnets": [
              "subnetdg3",
              "subnetdg2",
              "subnetdg1"
            ],
            "tags": {
              "environment": "dev"
            },
            "timeouts": null,
            "vnet_peerings": {},
            "vnet_peerings_addresses": []
          },
          "sensitive_attributes": []
        }
      ]
    },
    {
      "mode": "managed",
      "type": "azurerm_linux_virtual_machine",
      "name": "linuxvm1",
      "provider": "provider[\"registry.terraform.io/hashicorp/azurerm\"]",
      "instances": [
        {
          "schema_version": 0,
          "attributes": {
            "additional_capabilities": [],
            "admin_password": null,
            "admin_ssh_key": [
              {
                "public_key": "ssh-rsa AAAAB3NzaC1yc2EAAAADAQABAAACAQCoXl/7dOlZTAQZxdTvfEQDBOo3Rx62YrdMDAJ2nTsQcxyiCQSJAH7Pz7fPIa8ZXxek6OKiHiKW/hThJ9FXQZ5heCrPMZrMIxbEY6zZik/nNNaU+Pskpq5n1u8LzxK3e3LExZouko41rXhwCzWEdcS311b/0xhg2xwM2HKUeXiFBe/+M3DlXqWlItvWHloVQImdgOXJ4bpDKyrg/XtTewTou5iKoDe+DF/a7+JZIsZgHHU8auhRjBVzbI+J9z5Qy0Zme0i3dKbfyu4yn/7NYlJ6RHP8MSOZgi6It97QoXZ/tgjyBNjmut7tUvIVrMPWelTU9q5sOOHYz21aQMOL85nFYpKoZYwSWQg5Wuy7cl0OTAKWbV4f0et3+g2SXdl6xLdcV6tK4KMw+fqLUDe4yyt3K6OkJOQx6ozpvYDyFHcs9WmcNvRR5jgEQu6mh1iNmi6zL31cXyIl8qAFpSZJPdSzWtI4MPvTzQGcDH6HnAtID+3sLJg6dYv9isvKtpoP3S99+eI/BRUkT0vpme00vTJFHdRqCWLcwdFFVBjvaQYeFE+6lranixGnlnXAmw41nNjiCb1Scm96E0JWpcqWZXfUzpWJE4zojYmo1lCign/ZpU2ktO4vCecnuCpsh2l4PehHJZZWGDPxHyM0Q//tGw/WUCecCO7SdQADlPqsUwIqnw== azureuser@myserver\n",
                "username": "azureuser"
              }
            ],
            "admin_username": "azureuser",
            "allow_extension_operations": true,
            "availability_set_id": "",
            "boot_diagnostics": [],
            "computer_name": "devlinux-vm1",
            "custom_data": "I2Nsb3VkLWNvbmZpZw0KcGFja2FnZV91cGdyYWRlOiBmYWxzZQ0KcGFja2FnZXM6DQogIC0gaHR0cGQNCndyaXRlX2ZpbGVzOg0KICAtIG93bmVyOiByb290OnJvb3QgDQogICAgcGF0aDogL3Zhci93d3cvaHRtbC9pbmRleC5odG1sDQogICAgY29udGVudDogfA0KICAgICAgPGgxPldlbGNvbWUgdG8gU3RhY2tTaW1wbGlmeSAtIEFQUC0xPC9oMT4NCiAgLSBvd25lcjogcm9vdDpyb290IA0KICAgIHBhdGg6IC92YXIvd3d3L2h0bWwvYXBwMS9pbmRleC5odG1sDQogICAgY29udGVudDogfA0KICAgICAgPCFET0NUWVBFIGh0bWw+IDxodG1sPiA8Ym9keSBzdHlsZT0iYmFja2dyb3VuZC1jb2xvcjpyZ2IoMjUwLCAyMTAsIDIxMCk7Ij4gPGgxPldlbGNvbWUgdG8gU3RhY2sgU2ltcGxpZnkgLSBBUFAtMTwvaDE+IDxwPlRlcnJhZm9ybSBEZW1vPC9wPiA8cD5BcHBsaWNhdGlvbiBWZXJzaW9uOiBWMTwvcD4gPC9ib2R5PjwvaHRtbD4gICAgICANCnJ1bmNtZDoNCiAgLSBzdWRvIHN5c3RlbWN0bCBzdGFydCBodHRwZCAgDQogIC0gc3VkbyBzeXN0ZW1jdGwgZW5hYmxlIGh0dHBkDQogIC0gc3VkbyBzeXN0ZW1jdGwgc3RvcCBmaXJld2FsbGQNCiAgLSBzdWRvIG1rZGlyIC92YXIvd3d3L2h0bWwvYXBwMSANCiAgLSBbc3VkbywgY3VybCwgLUgsICJNZXRhZGF0YTp0cnVlIiwgLS1ub3Byb3h5LCAiKiIsICJodHRwOi8vMTY5LjI1NC4xNjkuMjU0L21ldGFkYXRhL2luc3RhbmNlP2FwaS12ZXJzaW9uPTIwMjAtMDktMDEiLCAtbywgL3Zhci93d3cvaHRtbC9hcHAxL21ldGFkYXRhLmh0bWxdDQoNCg==",
            "dedicated_host_group_id": "",
            "dedicated_host_id": "",
            "disable_password_authentication": true,
            "edge_zone": "",
            "encryption_at_host_enabled": false,
            "eviction_policy": "",
            "extensions_time_budget": "PT1H30M",
            "id": "/subscriptions/4b859b53-281d-4b35-9887-9b7a17015e78/resourceGroups/tfstate/providers/Microsoft.Compute/virtualMachines/linuxvm-2",
            "identity": [],
            "license_type": "",
            "location": "eastus2",
            "max_bid_price": -1,
            "name": "linuxvm-2",
            "network_interface_ids": [
              "/subscriptions/4b859b53-281d-4b35-9887-9b7a17015e78/resourceGroups/tfstate/providers/Microsoft.Network/networkInterfaces/dev-vmnic1"
            ],
            "os_disk": [
              {
                "caching": "ReadWrite",
                "diff_disk_settings": [],
                "disk_encryption_set_id": "",
                "disk_size_gb": 32,
                "name": "osdisk",
                "storage_account_type": "Standard_LRS",
                "write_accelerator_enabled": false
              }
            ],
            "patch_mode": "ImageDefault",
            "plan": [],
            "platform_fault_domain": -1,
            "priority": "Regular",
            "private_ip_address": "10.0.2.4",
            "private_ip_addresses": [
              "10.0.2.4"
            ],
            "provision_vm_agent": true,
            "proximity_placement_group_id": "",
            "public_ip_address": "20.94.56.130",
            "public_ip_addresses": [
              "20.94.56.130"
            ],
            "resource_group_name": "tfstate",
            "secret": [],
            "secure_boot_enabled": false,
            "size": "Standard_DS1",
            "source_image_id": "",
            "source_image_reference": [
              {
                "offer": "rhel-raw",
                "publisher": "RedHat",
                "sku": "8_6",
                "version": "8.6.2022052401"
              }
            ],
            "tags": null,
            "termination_notification": null,
            "timeouts": null,
            "user_data": "",
            "virtual_machine_id": "b5d1f9ce-6a5b-4295-adc9-e171c795a56b",
            "virtual_machine_scale_set_id": "",
            "vtpm_enabled": false,
            "zone": ""
          },
          "sensitive_attributes": [],
          "private": "eyJlMmJmYjczMC1lY2FhLTExZTYtOGY4OC0zNDM2M2JjN2M0YzAiOnsiY3JlYXRlIjoyNzAwMDAwMDAwMDAwLCJkZWxldGUiOjI3MDAwMDAwMDAwMDAsInJlYWQiOjMwMDAwMDAwMDAwMCwidXBkYXRlIjoyNzAwMDAwMDAwMDAwfX0=",
          "dependencies": [
            "azurerm_network_interface.dg-vmnics",
            "data.azurerm_resource_group.dg_rg"
          ]
        }
      ]
    },
    {
      "mode": "managed",
      "type": "azurerm_network_interface",
      "name": "dg-vmnics",
      "provider": "provider[\"registry.terraform.io/hashicorp/azurerm\"]",
      "instances": [
        {
          "schema_version": 0,
          "attributes": {
            "applied_dns_servers": [],
            "dns_servers": [],
            "edge_zone": "",
            "enable_accelerated_networking": false,
            "enable_ip_forwarding": false,
            "id": "/subscriptions/4b859b53-281d-4b35-9887-9b7a17015e78/resourceGroups/tfstate/providers/Microsoft.Network/networkInterfaces/dev-vmnic1",
            "internal_dns_name_label": "",
            "internal_domain_name_suffix": "hbthioamlh2eppqndbgd4il2uf.cx.internal.cloudapp.net",
            "ip_configuration": [
              {
                "gateway_load_balancer_frontend_ip_configuration_id": "",
                "name": "internal",
                "primary": true,
                "private_ip_address": "10.0.2.4",
                "private_ip_address_allocation": "Dynamic",
                "private_ip_address_version": "IPv4",
                "public_ip_address_id": "/subscriptions/4b859b53-281d-4b35-9887-9b7a17015e78/resourceGroups/tfstate/providers/Microsoft.Network/publicIPAddresses/dev-publicip-2",
                "subnet_id": "/subscriptions/4b859b53-281d-4b35-9887-9b7a17015e78/resourceGroups/tfstate/providers/Microsoft.Network/virtualNetworks/acctvnet/subnets/subnetdg2"
              }
            ],
            "location": "eastus2",
            "mac_address": "",
            "name": "dev-vmnic1",
            "private_ip_address": "10.0.2.4",
            "private_ip_addresses": [
              "10.0.2.4"
            ],
            "resource_group_name": "tfstate",
            "tags": {},
            "timeouts": null,
            "virtual_machine_id": ""
          },
          "sensitive_attributes": [],
          "private": "eyJlMmJmYjczMC1lY2FhLTExZTYtOGY4OC0zNDM2M2JjN2M0YzAiOnsiY3JlYXRlIjoxODAwMDAwMDAwMDAwLCJkZWxldGUiOjE4MDAwMDAwMDAwMDAsInJlYWQiOjMwMDAwMDAwMDAwMCwidXBkYXRlIjoxODAwMDAwMDAwMDAwfX0=",
          "dependencies": [
            "azurerm_public_ip.dev-publicips",
            "data.azurerm_resource_group.dg_rg",
            "data.azurerm_subnet.dg-subnet-devs",
            "data.azurerm_virtual_network.dg-vnets",
            "random_string.dg_random"
          ]
        }
      ]
    },
    {
      "mode": "managed",
      "type": "azurerm_public_ip",
      "name": "dev-publicips",
      "provider": "provider[\"registry.terraform.io/hashicorp/azurerm\"]",
      "instances": [
        {
          "schema_version": 0,
          "attributes": {
            "allocation_method": "Static",
            "domain_name_label": "app1-vm-ufmpcv",
            "edge_zone": "",
            "fqdn": "app1-vm-ufmpcv.eastus2.cloudapp.azure.com",
            "id": "/subscriptions/4b859b53-281d-4b35-9887-9b7a17015e78/resourceGroups/tfstate/providers/Microsoft.Network/publicIPAddresses/dev-publicip-2",
            "idle_timeout_in_minutes": 4,
            "ip_address": "20.94.56.130",
            "ip_tags": {},
            "ip_version": "IPv4",
            "location": "eastus2",
            "name": "dev-publicip-2",
            "public_ip_prefix_id": null,
            "resource_group_name": "tfstate",
            "reverse_fqdn": "",
            "sku": "Basic",
            "sku_tier": "Regional",
            "tags": {
              "environment": "Dev"
            },
            "timeouts": null,
            "zones": []
          },
          "sensitive_attributes": [],
          "private": "eyJlMmJmYjczMC1lY2FhLTExZTYtOGY4OC0zNDM2M2JjN2M0YzAiOnsiY3JlYXRlIjoxODAwMDAwMDAwMDAwLCJkZWxldGUiOjE4MDAwMDAwMDAwMDAsInJlYWQiOjMwMDAwMDAwMDAwMCwidXBkYXRlIjoxODAwMDAwMDAwMDAwfX0=",
          "dependencies": [
            "data.azurerm_resource_group.dg_rg",
            "random_string.dg_random"
          ]
        }
      ]
    },
    {
      "mode": "managed",
      "type": "random_string",
      "name": "dg_random",
      "provider": "provider[\"registry.terraform.io/hashicorp/random\"]",
      "instances": [
        {
          "schema_version": 1,
          "attributes": {
            "id": "ufmpcv",
            "keepers": null,
            "length": 6,
            "lower": true,
            "min_lower": 0,
            "min_numeric": 0,
            "min_special": 0,
            "min_upper": 0,
            "number": true,
            "override_special": null,
            "result": "ufmpcv",
            "special": false,
            "upper": false
          },
          "sensitive_attributes": [],
          "private": "eyJzY2hlbWFfdmVyc2lvbiI6IjEifQ=="
        }
      ]
    }
  ]
}
