{
  "version": 4,
  "terraform_version": "1.1.9",
  "serial": 33,
  "lineage": "1c2151f5-5b26-d35a-065f-e97616556162",
  "outputs": {},
  "resources": [
    {
      "mode": "data",
      "type": "azurerm_subscription",
      "name": "current",
      "provider": "provider[\"registry.terraform.io/hashicorp/azurerm\"]",
      "instances": [
        {
          "schema_version": 0,
          "attributes": {
            "display_name": "Azure subscription 1",
            "id": "/subscriptions/4b859b53-281d-4b35-9887-9b7a17015e78",
            "location_placement_id": "Public_2014-09-01",
            "quota_id": "PayAsYouGo_2014-09-01",
            "spending_limit": "Off",
            "state": "Enabled",
            "subscription_id": "4b859b53-281d-4b35-9887-9b7a17015e78",
            "tags": {},
            "tenant_id": "e394c503-ceb8-4916-a9b1-70c7369fbc36",
            "timeouts": null
          },
          "sensitive_attributes": []
        }
      ]
    },
    {
      "mode": "managed",
      "type": "azurerm_policy_definition",
      "name": "df_poldef",
      "provider": "provider[\"registry.terraform.io/hashicorp/azurerm\"]",
      "instances": [
        {
          "schema_version": 0,
          "attributes": {
            "description": "",
            "display_name": "deploy only on east us",
            "id": "/subscriptions/4b859b53-281d-4b35-9887-9b7a17015e78/providers/Microsoft.Authorization/policyDefinitions/only-deploy-in-eastus2",
            "management_group_id": "",
            "metadata": "{\"createdBy\":\"224e0507-dd3a-4f2a-adce-409e097478ed\",\"createdOn\":\"2022-07-28T18:16:52.9741037Z\",\"updatedBy\":null,\"updatedOn\":null}",
            "mode": "All",
            "name": "only-deploy-in-eastus2",
            "parameters": "",
            "policy_rule": "{\"if\":{\"not\":{\"equals\":\"eastus2\",\"field\":\"location\"}},\"then\":{\"effect\":\"Deny\"}}",
            "policy_type": "Custom",
            "timeouts": null
          },
          "sensitive_attributes": [],
          "private": "eyJlMmJmYjczMC1lY2FhLTExZTYtOGY4OC0zNDM2M2JjN2M0YzAiOnsiY3JlYXRlIjoxODAwMDAwMDAwMDAwLCJkZWxldGUiOjE4MDAwMDAwMDAwMDAsInJlYWQiOjMwMDAwMDAwMDAwMCwidXBkYXRlIjoxODAwMDAwMDAwMDAwfX0="
        }
      ]
    },
    {
      "mode": "managed",
      "type": "azurerm_subscription_policy_assignment",
      "name": "dg_polsub",
      "provider": "provider[\"registry.terraform.io/hashicorp/azurerm\"]",
      "instances": [
        {
          "schema_version": 0,
          "attributes": {
            "description": "",
            "display_name": "",
            "enforce": true,
            "id": "/subscriptions/4b859b53-281d-4b35-9887-9b7a17015e78/providers/Microsoft.Authorization/policyAssignments/dg-polsub-assignment",
            "identity": [],
            "location": "",
            "metadata": "{\"createdBy\":\"224e0507-dd3a-4f2a-adce-409e097478ed\",\"createdOn\":\"2022-07-28T18:18:25.1595974Z\",\"updatedBy\":null,\"updatedOn\":null}",
            "name": "dg-polsub-assignment",
            "non_compliance_message": [],
            "not_scopes": null,
            "parameters": "",
            "policy_definition_id": "/subscriptions/4b859b53-281d-4b35-9887-9b7a17015e78/providers/Microsoft.Authorization/policyDefinitions/only-deploy-in-eastus2",
            "subscription_id": "/subscriptions/4b859b53-281d-4b35-9887-9b7a17015e78",
            "timeouts": null
          },
          "sensitive_attributes": [],
          "private": "eyJlMmJmYjczMC1lY2FhLTExZTYtOGY4OC0zNDM2M2JjN2M0YzAiOnsiY3JlYXRlIjoxODAwMDAwMDAwMDAwLCJkZWxldGUiOjE4MDAwMDAwMDAwMDAsInJlYWQiOjMwMDAwMDAwMDAwMCwidXBkYXRlIjoxODAwMDAwMDAwMDAwfX0=",
          "dependencies": [
            "azurerm_policy_definition.df_poldef",
            "data.azurerm_subscription.current"
          ]
        }
      ]
    }
  ]
}
